en:
  experience:
    10_aurum: 76e303a0f78753b3
    1_freelance: 2d61bf7e23cdfdec
    2_efo: 34e2425dde4d98e2
    3_cmt: a77792552f1c95a4
    4_сifra: aab7c875c424f02a
    5_belvg: 8b1c1c22e78c293e
    6_tektosoft: fbef0b3003a193c0
    7_otr: 5ed3230b7491a826
    8_dbf: 9b1304f8027f70a1
    9_chak_chak: 58db2ed605967e2d
  projects:
    lockdock: 9f19744ae63c1c1f
    nanomiddleclick: b708a8b2f397b294
    repomop: f453b1bcfa26bcda
    yamumi: 4a841a084472c454
    lidoff: 595faf2f0213f44e
    commitfmt: b41e99c021904a4e
    nuga: 5a49b7516b5f9f67
    lilex: 510f4adea1c521ac
    honeymate: c45e58d46eea8179
